{
    "_readme": [
        "This file locks the dependencies of your project to a known state",
        "Read more about it at https://getcomposer.org/doc/01-basic-usage.md#composer-lock-the-lock-file",
        "This file is @generated automatically"
    ],
    "hash": "6c3c0c86134f043dfaaa86a0fb7b6fad",
    "content-hash": "c08de05c7cb0162d0be8bc8c2b5131b1",
    "packages": [
        {
            "name": "dario_swain/main",
            "version": "0.3.0",
            "source": {
                "type": "git",
                "url": "https://github.com/DarioSwain/main.git",
                "reference": "1e1d6a08d2b746b7aeb7d7947825d8237a94d6b3"
            },
            "dist": {
                "type": "zip",
                "url": "https://api.github.com/repos/DarioSwain/main/zipball/1e1d6a08d2b746b7aeb7d7947825d8237a94d6b3",
                "reference": "1e1d6a08d2b746b7aeb7d7947825d8237a94d6b3",
                "shasum": ""
            },
            "type": "library",
            "extra": {
                "branch-alias": {
                    "dev-master": "0.3.x-dev"
                }
            },
            "notification-url": "https://packagist.org/downloads/",
            "authors": [
                {
                    "name": "Ilya Pokamestov",
                    "email": "dario_swain@yahoo.com"
                }
            ],
            "time": "2016-06-28 19:42:37"
        }
    ],
    "packages-dev": [],
    "aliases": [],
    "minimum-stability": "dev",
    "stability-flags": [],
    "prefer-stable": false,
    "prefer-lowest": false,
    "platform": [],
    "platform-dev": []
}
